// !$*UTF8*$!
{
	archiveVersion = 1;
	classes = {
	};
	objectVersion = 46;
	objects = {

/* Begin PBXBuildFile section */
		E5AE0B79135F9A5900F8AAFD /* pabst.h in Headers */ = {isa = PBXBuildFile; fileRef = E5AE0B78135F9A5900F8AAFD /* pabst.h */; };
		E5AE0B7C135F9A5900F8AAFD /* pabst.cp in Sources */ = {isa = PBXBuildFile; fileRef = E5AE0B7B135F9A5900F8AAFD /* pabst.cp */; };
		E5AE0B93135FADB900F8AAFD /* pabst_content.cpp in Sources */ = {isa = PBXBuildFile; fileRef = E5AE0B91135FADB900F8AAFD /* pabst_content.cpp */; };
		E5AE0B96135FB68500F8AAFD /* message_codes.h in Headers */ = {isa = PBXBuildFile; fileRef = E5AE0B95135FB68500F8AAFD /* message_codes.h */; };
		E5AE0BA7135FD44E00F8AAFD /* riakclient.pb.h in Headers */ = {isa = PBXBuildFile; fileRef = E5AE0B83135F9CDF00F8AAFD /* riakclient.pb.h */; };
		E5AE0BA8135FD54E00F8AAFD /* riakclient.pb.cpp in Sources */ = {isa = PBXBuildFile; fileRef = E5AE0B82135F9CDF00F8AAFD /* riakclient.pb.cpp */; };
		E5AE0BAA135FD6D100F8AAFD /* libprotobuf.dylib in Frameworks */ = {isa = PBXBuildFile; fileRef = E5AE0BA9135FD6D100F8AAFD /* libprotobuf.dylib */; };
/* End PBXBuildFile section */

/* Begin PBXFileReference section */
		E5AE0B71135F9A5900F8AAFD /* pabst.dylib */ = {isa = PBXFileReference; explicitFileType = "compiled.mach-o.dylib"; includeInIndex = 0; path = pabst.dylib; sourceTree = BUILT_PRODUCTS_DIR; };
		E5AE0B76135F9A5900F8AAFD /* pabstProj.xcconfig */ = {isa = PBXFileReference; lastKnownFileType = text.xcconfig; path = pabstProj.xcconfig; sourceTree = "<group>"; };
		E5AE0B77135F9A5900F8AAFD /* pabstTarget.xcconfig */ = {isa = PBXFileReference; lastKnownFileType = text.xcconfig; path = pabstTarget.xcconfig; sourceTree = "<group>"; };
		E5AE0B78135F9A5900F8AAFD /* pabst.h */ = {isa = PBXFileReference; lastKnownFileType = sourcecode.c.h; path = pabst.h; sourceTree = "<group>"; };
		E5AE0B7A135F9A5900F8AAFD /* pabstPriv.h */ = {isa = PBXFileReference; lastKnownFileType = sourcecode.c.h; path = pabstPriv.h; sourceTree = "<group>"; };
		E5AE0B7B135F9A5900F8AAFD /* pabst.cp */ = {isa = PBXFileReference; lastKnownFileType = sourcecode.cpp.cpp; path = pabst.cp; sourceTree = "<group>"; };
		E5AE0B82135F9CDF00F8AAFD /* riakclient.pb.cpp */ = {isa = PBXFileReference; fileEncoding = 4; lastKnownFileType = sourcecode.cpp.cpp; path = riakclient.pb.cpp; sourceTree = "<group>"; };
		E5AE0B83135F9CDF00F8AAFD /* riakclient.pb.h */ = {isa = PBXFileReference; fileEncoding = 4; lastKnownFileType = sourcecode.c.h; path = riakclient.pb.h; sourceTree = "<group>"; };
		E5AE0B91135FADB900F8AAFD /* pabst_content.cpp */ = {isa = PBXFileReference; fileEncoding = 4; lastKnownFileType = sourcecode.cpp.cpp; path = pabst_content.cpp; sourceTree = "<group>"; };
		E5AE0B95135FB68500F8AAFD /* message_codes.h */ = {isa = PBXFileReference; fileEncoding = 4; lastKnownFileType = sourcecode.c.h; path = message_codes.h; sourceTree = "<group>"; };
		E5AE0BA9135FD6D100F8AAFD /* libprotobuf.dylib */ = {isa = PBXFileReference; lastKnownFileType = "compiled.mach-o.dylib"; name = libprotobuf.dylib; path = ../../../../usr/local/Cellar/protobuf/2.3.0/lib/libprotobuf.dylib; sourceTree = "<group>"; };
/* End PBXFileReference section */

/* Begin PBXFrameworksBuildPhase section */
		E5AE0B6E135F9A5900F8AAFD /* Frameworks */ = {
			isa = PBXFrameworksBuildPhase;
			buildActionMask = 2147483647;
			files = (
				E5AE0BAA135FD6D100F8AAFD /* libprotobuf.dylib in Frameworks */,
			);
			runOnlyForDeploymentPostprocessing = 0;
		};
/* End PBXFrameworksBuildPhase section */

/* Begin PBXGroup section */
		E5AE0B66135F9A5900F8AAFD = {
			isa = PBXGroup;
			children = (
				E5AE0BA9135FD6D100F8AAFD /* libprotobuf.dylib */,
				E5AE0B73135F9A5900F8AAFD /* pabst */,
				E5AE0B72135F9A5900F8AAFD /* Products */,
			);
			sourceTree = "<group>";
		};
		E5AE0B72135F9A5900F8AAFD /* Products */ = {
			isa = PBXGroup;
			children = (
				E5AE0B71135F9A5900F8AAFD /* pabst.dylib */,
			);
			name = Products;
			sourceTree = "<group>";
		};
		E5AE0B73135F9A5900F8AAFD /* pabst */ = {
			isa = PBXGroup;
			children = (
				E5AE0B82135F9CDF00F8AAFD /* riakclient.pb.cpp */,
				E5AE0B83135F9CDF00F8AAFD /* riakclient.pb.h */,
				E5AE0B76135F9A5900F8AAFD /* pabstProj.xcconfig */,
				E5AE0B77135F9A5900F8AAFD /* pabstTarget.xcconfig */,
				E5AE0B78135F9A5900F8AAFD /* pabst.h */,
				E5AE0B7A135F9A5900F8AAFD /* pabstPriv.h */,
				E5AE0B7B135F9A5900F8AAFD /* pabst.cp */,
				E5AE0B91135FADB900F8AAFD /* pabst_content.cpp */,
				E5AE0B95135FB68500F8AAFD /* message_codes.h */,
			);
			path = pabst;
			sourceTree = "<group>";
		};
/* End PBXGroup section */

/* Begin PBXHeadersBuildPhase section */
		E5AE0B6F135F9A5900F8AAFD /* Headers */ = {
			isa = PBXHeadersBuildPhase;
			buildActionMask = 2147483647;
			files = (
				E5AE0B79135F9A5900F8AAFD /* pabst.h in Headers */,
				E5AE0B96135FB68500F8AAFD /* message_codes.h in Headers */,
				E5AE0BA7135FD44E00F8AAFD /* riakclient.pb.h in Headers */,
			);
			runOnlyForDeploymentPostprocessing = 0;
		};
/* End PBXHeadersBuildPhase section */

/* Begin PBXNativeTarget section */
		E5AE0B70135F9A5900F8AAFD /* pabst */ = {
			isa = PBXNativeTarget;
			buildConfigurationList = E5AE0B7F135F9A5900F8AAFD /* Build configuration list for PBXNativeTarget "pabst" */;
			buildPhases = (
				E5AE0B6D135F9A5900F8AAFD /* Sources */,
				E5AE0B6E135F9A5900F8AAFD /* Frameworks */,
				E5AE0B6F135F9A5900F8AAFD /* Headers */,
			);
			buildRules = (
			);
			dependencies = (
			);
			name = pabst;
			productName = pabst;
			productReference = E5AE0B71135F9A5900F8AAFD /* pabst.dylib */;
			productType = "com.apple.product-type.library.dynamic";
		};
/* End PBXNativeTarget section */

/* Begin PBXProject section */
		E5AE0B68135F9A5900F8AAFD /* Project object */ = {
			isa = PBXProject;
			buildConfigurationList = E5AE0B6B135F9A5900F8AAFD /* Build configuration list for PBXProject "pabst" */;
			compatibilityVersion = "Xcode 3.2";
			developmentRegion = English;
			hasScannedForEncodings = 0;
			knownRegions = (
				en,
			);
			mainGroup = E5AE0B66135F9A5900F8AAFD;
			productRefGroup = E5AE0B72135F9A5900F8AAFD /* Products */;
			projectDirPath = "";
			projectRoot = "";
			targets = (
				E5AE0B70135F9A5900F8AAFD /* pabst */,
			);
		};
/* End PBXProject section */

/* Begin PBXSourcesBuildPhase section */
		E5AE0B6D135F9A5900F8AAFD /* Sources */ = {
			isa = PBXSourcesBuildPhase;
			buildActionMask = 2147483647;
			files = (
				E5AE0B7C135F9A5900F8AAFD /* pabst.cp in Sources */,
				E5AE0B93135FADB900F8AAFD /* pabst_content.cpp in Sources */,
				E5AE0BA8135FD54E00F8AAFD /* riakclient.pb.cpp in Sources */,
			);
			runOnlyForDeploymentPostprocessing = 0;
		};
/* End PBXSourcesBuildPhase section */

/* Begin XCBuildConfiguration section */
		E5AE0B7D135F9A5900F8AAFD /* Debug */ = {
			isa = XCBuildConfiguration;
			buildSettings = {
				ARCHS = "$(ARCHS_STANDARD_32_64_BIT)";
				GCC_C_LANGUAGE_STANDARD = gnu99;
				GCC_OPTIMIZATION_LEVEL = 0;
				GCC_PREPROCESSOR_DEFINITIONS = DEBUG;
				GCC_VERSION = com.apple.compilers.llvm.clang.1_0;
				GCC_WARN_64_TO_32_BIT_CONVERSION = YES;
				GCC_WARN_ABOUT_RETURN_TYPE = YES;
				GCC_WARN_UNUSED_VARIABLE = YES;
				HEADER_SEARCH_PATHS = "/usr/local/Cellar/protobuf/2.3.0/include/**";
				LIBRARY_SEARCH_PATHS = /usr/local/Cellar/protobuf/2.3.0/lib;
				MACOSX_DEPLOYMENT_TARGET = 10.6;
				ONLY_ACTIVE_ARCH = YES;
				SDKROOT = macosx;
				VALID_ARCHS = "x86_64 i386";
			};
			name = Debug;
		};
		E5AE0B7E135F9A5900F8AAFD /* Release */ = {
			isa = XCBuildConfiguration;
			buildSettings = {
				ARCHS = "$(ARCHS_STANDARD_32_64_BIT)";
				GCC_C_LANGUAGE_STANDARD = gnu99;
				GCC_VERSION = com.apple.compilers.llvm.clang.1_0;
				GCC_WARN_64_TO_32_BIT_CONVERSION = YES;
				GCC_WARN_ABOUT_RETURN_TYPE = YES;
				GCC_WARN_UNUSED_VARIABLE = YES;
				HEADER_SEARCH_PATHS = "/usr/local/Cellar/protobuf/2.3.0/include/**";
				LIBRARY_SEARCH_PATHS = /usr/local/Cellar/protobuf/2.3.0/lib;
				MACOSX_DEPLOYMENT_TARGET = 10.6;
				SDKROOT = macosx;
				VALID_ARCHS = "x86_64 i386";
			};
			name = Release;
		};
		E5AE0B80135F9A5900F8AAFD /* Debug */ = {
			isa = XCBuildConfiguration;
			buildSettings = {
				ALWAYS_SEARCH_USER_PATHS = NO;
				COPY_PHASE_STRIP = NO;
				GCC_DYNAMIC_NO_PIC = NO;
				GCC_ENABLE_OBJC_EXCEPTIONS = YES;
				LIBRARY_SEARCH_PATHS = (
					"$(inherited)",
					/usr/local/Cellar/protobuf/2.3.0/lib,
				);
				PRODUCT_NAME = "$(TARGET_NAME)";
			};
			name = Debug;
		};
		E5AE0B81135F9A5900F8AAFD /* Release */ = {
			isa = XCBuildConfiguration;
			buildSettings = {
				ALWAYS_SEARCH_USER_PATHS = NO;
				COPY_PHASE_STRIP = YES;
				DEBUG_INFORMATION_FORMAT = "dwarf-with-dsym";
				GCC_ENABLE_OBJC_EXCEPTIONS = YES;
				LIBRARY_SEARCH_PATHS = (
					"$(inherited)",
					/usr/local/Cellar/protobuf/2.3.0/lib,
				);
				PRODUCT_NAME = "$(TARGET_NAME)";
			};
			name = Release;
		};
/* End XCBuildConfiguration section */

/* Begin XCConfigurationList section */
		E5AE0B6B135F9A5900F8AAFD /* Build configuration list for PBXProject "pabst" */ = {
			isa = XCConfigurationList;
			buildConfigurations = (
				E5AE0B7D135F9A5900F8AAFD /* Debug */,
				E5AE0B7E135F9A5900F8AAFD /* Release */,
			);
			defaultConfigurationIsVisible = 0;
			defaultConfigurationName = Release;
		};
		E5AE0B7F135F9A5900F8AAFD /* Build configuration list for PBXNativeTarget "pabst" */ = {
			isa = XCConfigurationList;
			buildConfigurations = (
				E5AE0B80135F9A5900F8AAFD /* Debug */,
				E5AE0B81135F9A5900F8AAFD /* Release */,
			);
			defaultConfigurationIsVisible = 0;
			defaultConfigurationName = Release;
		};
/* End XCConfigurationList section */
	};
	rootObject = E5AE0B68135F9A5900F8AAFD /* Project object */;
}
